# THIS IS AN AUTOGENERATED FILE. DO NOT EDIT THIS FILE DIRECTLY.
# yarn lockfile v1


"@gi-types/atk@^2.36.7":
  version "2.36.7"
  resolved "https://registry.yarnpkg.com/@gi-types/atk/-/atk-2.36.7.tgz#19cd94cc1f62b4e3bbaa5c27b032cffa21a92eda"
  integrity sha512-PWR/EqgBgqehMfDr48fqvy77yGEKLwtqN0qKnKOtWqDm65LbImoAFydlMx5CUeyE/ZNcGDhQGLimQ0Rk6kVivw==
  dependencies:
    "@gi-types/glib" "^2.66.9"
    "@gi-types/gobject" "^2.66.8"

"@gi-types/cairo@^1.0.3":
  version "1.0.3"
  resolved "https://registry.yarnpkg.com/@gi-types/cairo/-/cairo-1.0.3.tgz#be2b391584683c53fb423581db8b8e584c7f05e5"
  integrity sha512-IT4JbSYgMj2aJbx7Yy8nzHgga2vX5i5OHR2+vXKc9vg/wrnExHiSbacWbxO7CZdk6YBqpH/7cjOa4bkTmBN8tg==
  dependencies:
    "@gi-types/gobject" "^2.66.8"

"@gi-types/gdk@^3.24.7":
  version "3.24.7"
  resolved "https://registry.yarnpkg.com/@gi-types/gdk/-/gdk-3.24.7.tgz#ec63b25e455f40838afed1239a9ea9ee47a962fe"
  integrity sha512-t50PlPeiqeNNQvXcKuso7/aiy1zm2zNtDgXZgcmtCfjk2u9m4m5gC4/kePzfYtSBqo15FZdv747ESRLC0zNk6Q==
  dependencies:
    "@gi-types/cairo" "^1.0.3"
    "@gi-types/gdkpixbuf" "^2.0.5"
    "@gi-types/gio" "^2.66.9"
    "@gi-types/glib" "^2.66.9"
    "@gi-types/gobject" "^2.66.8"
    "@gi-types/pango" "^1.0.5"

"@gi-types/gdkpixbuf@^2.0.5":
  version "2.0.5"
  resolved "https://registry.yarnpkg.com/@gi-types/gdkpixbuf/-/gdkpixbuf-2.0.5.tgz#4b8afb698e09c2810d836f7713eaf9086efdc27b"
  integrity sha512-bLw6CFCbM0SNi30vkbupoVxE7T5hz+V6DQHLa1Sh0yYwm8OTQ8jYofZNTabfjBiTR3Z4dxtN65DkIpJoD+9fuQ==
  dependencies:
    "@gi-types/gio" "^2.66.9"
    "@gi-types/glib" "^2.66.9"
    "@gi-types/gobject" "^2.66.8"

"@gi-types/gio@^2.66.9":
  version "2.66.9"
  resolved "https://registry.yarnpkg.com/@gi-types/gio/-/gio-2.66.9.tgz#7a375e5bc55c6b38094b5e51609792e26bb34410"
  integrity sha512-hRqJqQSQ4jLjUSiS7XZ7pXvIdu/+ZuFvIGPqrLFXyYa+aTenHiYg/EaLR3iPbAzkvpyBLRZk7Pmgs0quoK+Vtg==
  dependencies:
    "@gi-types/glib" "^2.66.9"
    "@gi-types/gobject" "^2.66.8"

"@gi-types/glib@^2.66.9":
  version "2.66.10"
  resolved "https://registry.yarnpkg.com/@gi-types/glib/-/glib-2.66.10.tgz#7d06b6d77fc490edacce229d4923c24357b77c17"
  integrity sha512-x34Y/xngzSS/BjA38/XpZjAzQqdWdUFtEVKsAGIMi4g+2ZES5QvBLkg/vNHwzSeoY/vUf+E/aZ3+6xQZFUzRjg==
  dependencies:
    "@gi-types/gobject" "^2.66.9"

"@gi-types/gobject@^2.66.8", "@gi-types/gobject@^2.66.9":
  version "2.66.9"
  resolved "https://registry.yarnpkg.com/@gi-types/gobject/-/gobject-2.66.9.tgz#186954c0662e2348169da3c6309fbba43ea276b3"
  integrity sha512-fr6a0W0UfLQiYYuQg4ZY+u4oFgC0QacjffbCBupiVHyC4NVDH2FbWiEVQEb0V52QmSEZTAfRyc/ZgmDzwpUXuw==
  dependencies:
    "@gi-types/glib" "^2.66.9"

"@gi-types/gtk@^3.24.9":
  version "3.24.9"
  resolved "https://registry.yarnpkg.com/@gi-types/gtk/-/gtk-3.24.9.tgz#d1b1cb5c1454d4603040c44b9d4c7b790c3e4594"
  integrity sha512-U2LH7hKlIvPAvjVe0eQX8s6MDjYaFKCRpAGmwR3lIoBPIdvYOyy76odGY1suFKrepBa97iW6JMbEcv/0f2D98w==
  dependencies:
    "@gi-types/atk" "^2.36.7"
    "@gi-types/cairo" "^1.0.3"
    "@gi-types/gdk" "^3.24.7"
    "@gi-types/gdkpixbuf" "^2.0.5"
    "@gi-types/gio" "^2.66.9"
    "@gi-types/glib" "^2.66.9"
    "@gi-types/gobject" "^2.66.9"
    "@gi-types/pango" "^1.0.5"
    "@gi-types/xlib" "^2.0.0"

"@gi-types/harfbuzz@^0.0.0":
  version "0.0.0"
  resolved "https://registry.yarnpkg.com/@gi-types/harfbuzz/-/harfbuzz-0.0.0.tgz#97a1d0ed916e3767cd76a893a5018c2479bec004"
  integrity sha512-pqhpLBN5aYl2P6yOPo0HCZTLmcTDiynGkEgfEq1yPwY0qhJpuEJYmaVUzwb7RrQrt7absVZP7ClhhO8TYiporw==
  dependencies:
    "@gi-types/glib" "^2.66.9"
    "@gi-types/gobject" "^2.66.8"

"@gi-types/pango@^1.0.5":
  version "1.0.5"
  resolved "https://registry.yarnpkg.com/@gi-types/pango/-/pango-1.0.5.tgz#27af9dfc0487a8aab64db8bb6fdfac357a5271e5"
  integrity sha512-FcDRuMaiYwczKcxE11ZErlOCcbBQX69d/u2hKFkhpZxQrZk0fBNTGLbwJ/7QwAoQw4RsrCzYSOZ4TX0phLPQQw==
  dependencies:
    "@gi-types/cairo" "^1.0.3"
    "@gi-types/glib" "^2.66.9"
    "@gi-types/gobject" "^2.66.8"
    "@gi-types/harfbuzz" "^0.0.0"

"@gi-types/xlib@^2.0.0":
  version "2.0.0"
  resolved "https://registry.yarnpkg.com/@gi-types/xlib/-/xlib-2.0.0.tgz#39aae9112fa4674e96930f4173764806b9773422"
  integrity sha512-YHNrcCw/i8QX3sh5bZ+SN7xEDrmhKIqAoUh/JgiDyPqqH2du+BpQUZy/e0oM0AIZWPNFKgD5M5Bq0+1MvVS3IA==
  dependencies:
    "@gi-types/gobject" "^2.66.9"

esbuild@^0.12.9:
  version "0.12.9"
  resolved "https://registry.yarnpkg.com/esbuild/-/esbuild-0.12.9.tgz#bed4e7087c286cd81d975631f77d47feb1660070"
  integrity sha512-MWRhAbMOJ9RJygCrt778rz/qNYgA4ZVj6aXnNPxFjs7PmIpb0fuB9Gmg5uWrr6n++XKwwm/RmSz6RR5JL2Ocsw==
